// !$*UTF8*$!
{
	archiveVersion = 1;
	classes = {
	};
	objectVersion = 46;
	objects = {

/* Begin PBXBuildFile section */
		9F9AD4C01D016ED900D09D54 /* AppDelegate.swift in Sources */ = {isa = PBXBuildFile; fileRef = 9F9AD4BF1D016ED900D09D54 /* AppDelegate.swift */; };
		9F9AD4C21D016ED900D09D54 /* ViewController.swift in Sources */ = {isa = PBXBuildFile; fileRef = 9F9AD4C11D016ED900D09D54 /* ViewController.swift */; };
		9F9AD4C51D016ED900D09D54 /* Main.storyboard in Resources */ = {isa = PBXBuildFile; fileRef = 9F9AD4C31D016ED900D09D54 /* Main.storyboard */; };
		9F9AD4C71D016ED900D09D54 /* Assets.xcassets in Resources */ = {isa = PBXBuildFile; fileRef = 9F9AD4C61D016ED900D09D54 /* Assets.xcassets */; };
		9F9AD4CA1D016ED900D09D54 /* LaunchScreen.storyboard in Resources */ = {isa = PBXBuildFile; fileRef = 9F9AD4C81D016ED900D09D54 /* LaunchScreen.storyboard */; };
		9F9AD4D21D0170E400D09D54 /* MainTableViewController.swift in Sources */ = {isa = PBXBuildFile; fileRef = 9F9AD4D11D0170E400D09D54 /* MainTableViewController.swift */; };
		9F9AD4D71D01715600D09D54 /* CustomTableViewCell.swift in Sources */ = {isa = PBXBuildFile; fileRef = 9F9AD4D51D01715600D09D54 /* CustomTableViewCell.swift */; };
		9F9AD4D81D01715600D09D54 /* CustomTableViewCell.xib in Resources */ = {isa = PBXBuildFile; fileRef = 9F9AD4D61D01715600D09D54 /* CustomTableViewCell.xib */; };
		9F9AD4DB1D01762D00D09D54 /* CustomImageTableViewCell.swift in Sources */ = {isa = PBXBuildFile; fileRef = 9F9AD4D91D01762D00D09D54 /* CustomImageTableViewCell.swift */; };
		9F9AD4DC1D01762D00D09D54 /* CustomImageTableViewCell.xib in Resources */ = {isa = PBXBuildFile; fileRef = 9F9AD4DA1D01762D00D09D54 /* CustomImageTableViewCell.xib */; };
/* End PBXBuildFile section */

/* Begin PBXFileReference section */
		9F9AD4BC1D016ED900D09D54 /* TimelineExercise.app */ = {isa = PBXFileReference; explicitFileType = wrapper.application; includeInIndex = 0; path = TimelineExercise.app; sourceTree = BUILT_PRODUCTS_DIR; };
		9F9AD4BF1D016ED900D09D54 /* AppDelegate.swift */ = {isa = PBXFileReference; lastKnownFileType = sourcecode.swift; path = AppDelegate.swift; sourceTree = "<group>"; };
		9F9AD4C11D016ED900D09D54 /* ViewController.swift */ = {isa = PBXFileReference; lastKnownFileType = sourcecode.swift; path = ViewController.swift; sourceTree = "<group>"; };
		9F9AD4C41D016ED900D09D54 /* Base */ = {isa = PBXFileReference; lastKnownFileType = file.storyboard; name = Base; path = Base.lproj/Main.storyboard; sourceTree = "<group>"; };
		9F9AD4C61D016ED900D09D54 /* Assets.xcassets */ = {isa = PBXFileReference; lastKnownFileType = folder.assetcatalog; path = Assets.xcassets; sourceTree = "<group>"; };
		9F9AD4C91D016ED900D09D54 /* Base */ = {isa = PBXFileReference; lastKnownFileType = file.storyboard; name = Base; path = Base.lproj/LaunchScreen.storyboard; sourceTree = "<group>"; };
		9F9AD4CB1D016ED900D09D54 /* Info.plist */ = {isa = PBXFileReference; lastKnownFileType = text.plist.xml; path = Info.plist; sourceTree = "<group>"; };
		9F9AD4D11D0170E400D09D54 /* MainTableViewController.swift */ = {isa = PBXFileReference; fileEncoding = 4; lastKnownFileType = sourcecode.swift; path = MainTableViewController.swift; sourceTree = "<group>"; };
		9F9AD4D51D01715600D09D54 /* CustomTableViewCell.swift */ = {isa = PBXFileReference; fileEncoding = 4; lastKnownFileType = sourcecode.swift; path = CustomTableViewCell.swift; sourceTree = "<group>"; };
		9F9AD4D61D01715600D09D54 /* CustomTableViewCell.xib */ = {isa = PBXFileReference; fileEncoding = 4; lastKnownFileType = file.xib; path = CustomTableViewCell.xib; sourceTree = "<group>"; };
		9F9AD4D91D01762D00D09D54 /* CustomImageTableViewCell.swift */ = {isa = PBXFileReference; fileEncoding = 4; lastKnownFileType = sourcecode.swift; path = CustomImageTableViewCell.swift; sourceTree = "<group>"; };
		9F9AD4DA1D01762D00D09D54 /* CustomImageTableViewCell.xib */ = {isa = PBXFileReference; fileEncoding = 4; lastKnownFileType = file.xib; path = CustomImageTableViewCell.xib; sourceTree = "<group>"; };
/* End PBXFileReference section */

/* Begin PBXFrameworksBuildPhase section */
		9F9AD4B91D016ED900D09D54 /* Frameworks */ = {
			isa = PBXFrameworksBuildPhase;
			buildActionMask = 2147483647;
			files = (
			);
			runOnlyForDeploymentPostprocessing = 0;
		};
/* End PBXFrameworksBuildPhase section */

/* Begin PBXGroup section */
		9F9AD4B31D016ED900D09D54 = {
			isa = PBXGroup;
			children = (
				9F9AD4BE1D016ED900D09D54 /* TimelineExercise */,
				9F9AD4BD1D016ED900D09D54 /* Products */,
			);
			sourceTree = "<group>";
		};
		9F9AD4BD1D016ED900D09D54 /* Products */ = {
			isa = PBXGroup;
			children = (
				9F9AD4BC1D016ED900D09D54 /* TimelineExercise.app */,
			);
			name = Products;
			sourceTree = "<group>";
		};
		9F9AD4BE1D016ED900D09D54 /* TimelineExercise */ = {
			isa = PBXGroup;
			children = (
				9F9AD4BF1D016ED900D09D54 /* AppDelegate.swift */,
				9F9AD4C11D016ED900D09D54 /* ViewController.swift */,
				9F9AD4C31D016ED900D09D54 /* Main.storyboard */,
				9F9AD4C61D016ED900D09D54 /* Assets.xcassets */,
				9F9AD4C81D016ED900D09D54 /* LaunchScreen.storyboard */,
				9F9AD4CB1D016ED900D09D54 /* Info.plist */,
				9F9AD4D11D0170E400D09D54 /* MainTableViewController.swift */,
				9F9AD4D51D01715600D09D54 /* CustomTableViewCell.swift */,
				9F9AD4D61D01715600D09D54 /* CustomTableViewCell.xib */,
				9F9AD4D91D01762D00D09D54 /* CustomImageTableViewCell.swift */,
				9F9AD4DA1D01762D00D09D54 /* CustomImageTableViewCell.xib */,
			);
			path = TimelineExercise;
			sourceTree = "<group>";
		};
/* End PBXGroup section */

/* Begin PBXNativeTarget section */
		9F9AD4BB1D016ED900D09D54 /* TimelineExercise */ = {
			isa = PBXNativeTarget;
			buildConfigurationList = 9F9AD4CE1D016ED900D09D54 /* Build configuration list for PBXNativeTarget "TimelineExercise" */;
			buildPhases = (
				9F9AD4B81D016ED900D09D54 /* Sources */,
				9F9AD4B91D016ED900D09D54 /* Frameworks */,
				9F9AD4BA1D016ED900D09D54 /* Resources */,
			);
			buildRules = (
			);
			dependencies = (
			);
			name = TimelineExercise;
			productName = TimelineExercise;
			productReference = 9F9AD4BC1D016ED900D09D54 /* TimelineExercise.app */;
			productType = "com.apple.product-type.application";
		};
/* End PBXNativeTarget section */

/* Begin PBXProject section */
		9F9AD4B41D016ED900D09D54 /* Project object */ = {
			isa = PBXProject;
			attributes = {
				LastSwiftUpdateCheck = 0730;
				LastUpgradeCheck = 0730;
				ORGANIZATIONNAME = "張智涵 Vincent Chang";
				TargetAttributes = {
					9F9AD4BB1D016ED900D09D54 = {
						CreatedOnToolsVersion = 7.3.1;
					};
				};
			};
			buildConfigurationList = 9F9AD4B71D016ED900D09D54 /* Build configuration list for PBXProject "TimelineExercise" */;
			compatibilityVersion = "Xcode 3.2";
			developmentRegion = English;
			hasScannedForEncodings = 0;
			knownRegions = (
				en,
				Base,
			);
			mainGroup = 9F9AD4B31D016ED900D09D54;
			productRefGroup = 9F9AD4BD1D016ED900D09D54 /* Products */;
			projectDirPath = "";
			projectRoot = "";
			targets = (
				9F9AD4BB1D016ED900D09D54 /* TimelineExercise */,
			);
		};
/* End PBXProject section */

/* Begin PBXResourcesBuildPhase section */
		9F9AD4BA1D016ED900D09D54 /* Resources */ = {
			isa = PBXResourcesBuildPhase;
			buildActionMask = 2147483647;
			files = (
				9F9AD4CA1D016ED900D09D54 /* LaunchScreen.storyboard in Resources */,
				9F9AD4C71D016ED900D09D54 /* Assets.xcassets in Resources */,
				9F9AD4D81D01715600D09D54 /* CustomTableViewCell.xib in Resources */,
				9F9AD4C51D016ED900D09D54 /* Main.storyboard in Resources */,
				9F9AD4DC1D01762D00D09D54 /* CustomImageTableViewCell.xib in Resources */,
			);
			runOnlyForDeploymentPostprocessing = 0;
		};
/* End PBXResourcesBuildPhase section */

/* Begin PBXSourcesBuildPhase section */
		9F9AD4B81D016ED900D09D54 /* Sources */ = {
			isa = PBXSourcesBuildPhase;
			buildActionMask = 2147483647;
			files = (
				9F9AD4C21D016ED900D09D54 /* ViewController.swift in Sources */,
				9F9AD4DB1D01762D00D09D54 /* CustomImageTableViewCell.swift in Sources */,
				9F9AD4D21D0170E400D09D54 /* MainTableViewController.swift in Sources */,
				9F9AD4D71D01715600D09D54 /* CustomTableViewCell.swift in Sources */,
				9F9AD4C01D016ED900D09D54 /* AppDelegate.swift in Sources */,
			);
			runOnlyForDeploymentPostprocessing = 0;
		};
/* End PBXSourcesBuildPhase section */

/* Begin PBXVariantGroup section */
		9F9AD4C31D016ED900D09D54 /* Main.storyboard */ = {
			isa = PBXVariantGroup;
			children = (
				9F9AD4C41D016ED900D09D54 /* Base */,
			);
			name = Main.storyboard;
			sourceTree = "<group>";
		};
		9F9AD4C81D016ED900D09D54 /* LaunchScreen.storyboard */ = {
			isa = PBXVariantGroup;
			children = (
				9F9AD4C91D016ED900D09D54 /* Base */,
			);
			name = LaunchScreen.storyboard;
			sourceTree = "<group>";
		};
/* End PBXVariantGroup section */

/* Begin XCBuildConfiguration section */
		9F9AD4CC1D016ED900D09D54 /* Debug */ = {
			isa = XCBuildConfiguration;
			buildSettings = {
				ALWAYS_SEARCH_USER_PATHS = NO;
				CLANG_ANALYZER_NONNULL = YES;
				CLANG_CXX_LANGUAGE_STANDARD = "gnu++0x";
				CLANG_CXX_LIBRARY = "libc++";
				CLANG_ENABLE_MODULES = YES;
				CLANG_ENABLE_OBJC_ARC = YES;
				CLANG_WARN_BOOL_CONVERSION = YES;
				CLANG_WARN_CONSTANT_CONVERSION = YES;
				CLANG_WARN_DIRECT_OBJC_ISA_USAGE = YES_ERROR;
				CLANG_WARN_EMPTY_BODY = YES;
				CLANG_WARN_ENUM_CONVERSION = YES;
				CLANG_WARN_INT_CONVERSION = YES;
				CLANG_WARN_OBJC_ROOT_CLASS = YES_ERROR;
				CLANG_WARN_UNREACHABLE_CODE = YES;
				CLANG_WARN__DUPLICATE_METHOD_MATCH = YES;
				"CODE_SIGN_IDENTITY[sdk=iphoneos*]" = "iPhone Developer";
				COPY_PHASE_STRIP = NO;
				DEBUG_INFORMATION_FORMAT = dwarf;
				ENABLE_STRICT_OBJC_MSGSEND = YES;
				ENABLE_TESTABILITY = YES;
				GCC_C_LANGUAGE_STANDARD = gnu99;
				GCC_DYNAMIC_NO_PIC = NO;
				GCC_NO_COMMON_BLOCKS = YES;
				GCC_OPTIMIZATION_LEVEL = 0;
				GCC_PREPROCESSOR_DEFINITIONS = (
					"DEBUG=1",
					"$(inherited)",
				);
				GCC_WARN_64_TO_32_BIT_CONVERSION = YES;
				GCC_WARN_ABOUT_RETURN_TYPE = YES_ERROR;
				GCC_WARN_UNDECLARED_SELECTOR = YES;
				GCC_WARN_UNINITIALIZED_AUTOS = YES_AGGRESSIVE;
				GCC_WARN_UNUSED_FUNCTION = YES;
				GCC_WARN_UNUSED_VARIABLE = YES;
				IPHONEOS_DEPLOYMENT_TARGET = 9.3;
				MTL_ENABLE_DEBUG_INFO = YES;
				ONLY_ACTIVE_ARCH = YES;
				SDKROOT = iphoneos;
				SWIFT_OPTIMIZATION_LEVEL = "-Onone";
			};
			name = Debug;
		};
		9F9AD4CD1D016ED900D09D54 /* Release */ = {
			isa = XCBuildConfiguration;
			buildSettings = {
				ALWAYS_SEARCH_USER_PATHS = NO;
				CLANG_ANALYZER_NONNULL = YES;
				CLANG_CXX_LANGUAGE_STANDARD = "gnu++0x";
				CLANG_CXX_LIBRARY = "libc++";
				CLANG_ENABLE_MODULES = YES;
				CLANG_ENABLE_OBJC_ARC = YES;
				CLANG_WARN_BOOL_CONVERSION = YES;
				CLANG_WARN_CONSTANT_CONVERSION = YES;
				CLANG_WARN_DIRECT_OBJC_ISA_USAGE = YES_ERROR;
				CLANG_WARN_EMPTY_BODY = YES;
				CLANG_WARN_ENUM_CONVERSION = YES;
				CLANG_WARN_INT_CONVERSION = YES;
				CLANG_WARN_OBJC_ROOT_CLASS = YES_ERROR;
				CLANG_WARN_UNREACHABLE_CODE = YES;
				CLANG_WARN__DUPLICATE_METHOD_MATCH = YES;
				"CODE_SIGN_IDENTITY[sdk=iphoneos*]" = "iPhone Developer";
				COPY_PHASE_STRIP = NO;
				DEBUG_INFORMATION_FORMAT = "dwarf-with-dsym";
				ENABLE_NS_ASSERTIONS = NO;
				ENABLE_STRICT_OBJC_MSGSEND = YES;
				GCC_C_LANGUAGE_STANDARD = gnu99;
				GCC_NO_COMMON_BLOCKS = YES;
				GCC_WARN_64_TO_32_BIT_CONVERSION = YES;
				GCC_WARN_ABOUT_RETURN_TYPE = YES_ERROR;
				GCC_WARN_UNDECLARED_SELECTOR = YES;
				GCC_WARN_UNINITIALIZED_AUTOS = YES_AGGRESSIVE;
				GCC_WARN_UNUSED_FUNCTION = YES;
				GCC_WARN_UNUSED_VARIABLE = YES;
				IPHONEOS_DEPLOYMENT_TARGET = 9.3;
				MTL_ENABLE_DEBUG_INFO = NO;
				SDKROOT = iphoneos;
				VALIDATE_PRODUCT = YES;
			};
			name = Release;
		};
		9F9AD4CF1D016ED900D09D54 /* Debug */ = {
			isa = XCBuildConfiguration;
			buildSettings = {
				ASSETCATALOG_COMPILER_APPICON_NAME = AppIcon;
				INFOPLIST_FILE = TimelineExercise/Info.plist;
				LD_RUNPATH_SEARCH_PATHS = "$(inherited) @executable_path/Frameworks";
				PRODUCT_BUNDLE_IDENTIFIER = co.Alphacamp.TimelineExercise;
				PRODUCT_NAME = "$(TARGET_NAME)";
			};
			name = Debug;
		};
		9F9AD4D01D016ED900D09D54 /* Release */ = {
			isa = XCBuildConfiguration;
			buildSettings = {
				ASSETCATALOG_COMPILER_APPICON_NAME = AppIcon;
				INFOPLIST_FILE = TimelineExercise/Info.plist;
				LD_RUNPATH_SEARCH_PATHS = "$(inherited) @executable_path/Frameworks";
				PRODUCT_BUNDLE_IDENTIFIER = co.Alphacamp.TimelineExercise;
				PRODUCT_NAME = "$(TARGET_NAME)";
			};
			name = Release;
		};
/* End XCBuildConfiguration section */

/* Begin XCConfigurationList section */
		9F9AD4B71D016ED900D09D54 /* Build configuration list for PBXProject "TimelineExercise" */ = {
			isa = XCConfigurationList;
			buildConfigurations = (
				9F9AD4CC1D016ED900D09D54 /* Debug */,
				9F9AD4CD1D016ED900D09D54 /* Release */,
			);
			defaultConfigurationIsVisible = 0;
			defaultConfigurationName = Release;
		};
		9F9AD4CE1D016ED900D09D54 /* Build configuration list for PBXNativeTarget "TimelineExercise" */ = {
			isa = XCConfigurationList;
			buildConfigurations = (
				9F9AD4CF1D016ED900D09D54 /* Debug */,
				9F9AD4D01D016ED900D09D54 /* Release */,
			);
			defaultConfigurationIsVisible = 0;
		};
/* End XCConfigurationList section */
	};
	rootObject = 9F9AD4B41D016ED900D09D54 /* Project object */;
}
